
Microsoft Visual Studio Solution File, Format Version 12.00
# Visual Studio Version 17
VisualStudioVersion = 17.9.34723.18
MinimumVisualStudioVersion = 10.0.40219.1
Project("{FAE04EC0-301F-11D3-BF4B-00C04F79EFBC}") = "MailEntegration", "MailEntegration.csproj", "{8389989B-CB07-4C75-A173-A45E48E0A314}"
EndProject
Project("{FAE04EC0-301F-11D3-BF4B-00C04F79EFBC}") = "MailEntegrationApi", "..\MailEntegrationApi\MailEntegrationApi.csproj", "{91D0BC3F-74D6-4A1D-9407-6AA1FD2A758E}"
EndProject
Global
	GlobalSection(SolutionConfigurationPlatforms) = preSolution
		Debug|Any CPU = Debug|Any CPU
		Release|Any CPU = Release|Any CPU
	EndGlobalSection
	GlobalSection(ProjectConfigurationPlatforms) = postSolution
		{8389989B-CB07-4C75-A173-A45E48E0A314}.Debug|Any CPU.ActiveCfg = Debug|Any CPU
		{8389989B-CB07-4C75-A173-A45E48E0A314}.Debug|Any CPU.Build.0 = Debug|Any CPU
		{8389989B-CB07-4C75-A173-A45E48E0A314}.Release|Any CPU.ActiveCfg = Release|Any CPU
		{8389989B-CB07-4C75-A173-A45E48E0A314}.Release|Any CPU.Build.0 = Release|Any CPU
		{91D0BC3F-74D6-4A1D-9407-6AA1FD2A758E}.Debug|Any CPU.ActiveCfg = Debug|Any CPU
		{91D0BC3F-74D6-4A1D-9407-6AA1FD2A758E}.Debug|Any CPU.Build.0 = Debug|Any CPU
		{91D0BC3F-74D6-4A1D-9407-6AA1FD2A758E}.Release|Any CPU.ActiveCfg = Release|Any CPU
		{91D0BC3F-74D6-4A1D-9407-6AA1FD2A758E}.Release|Any CPU.Build.0 = Release|Any CPU
	EndGlobalSection
	GlobalSection(SolutionProperties) = preSolution
		HideSolutionNode = FALSE
	EndGlobalSection
	GlobalSection(ExtensibilityGlobals) = postSolution
		SolutionGuid = {969BEB1B-A060-45ED-BA9B-DF7AE2A7F648}
	EndGlobalSection
EndGlobal
